// !$*UTF8*$!
{
	archiveVersion = 1;
	classes = {
	};
	objectVersion = 55;
	objects = {

/* Begin PBXBuildFile section */
		96B283EE2808B52B00BCDE8B /* Tests_iOS.swift in Sources */ = {isa = PBXBuildFile; fileRef = 96B283ED2808B52B00BCDE8B /* Tests_iOS.swift */; };
		96B283F02808B52B00BCDE8B /* Tests_iOSLaunchTests.swift in Sources */ = {isa = PBXBuildFile; fileRef = 96B283EF2808B52B00BCDE8B /* Tests_iOSLaunchTests.swift */; };
		96B283FA2808B52C00BCDE8B /* Tests_macOS.swift in Sources */ = {isa = PBXBuildFile; fileRef = 96B283F92808B52C00BCDE8B /* Tests_macOS.swift */; };
		96B283FC2808B52C00BCDE8B /* Tests_macOSLaunchTests.swift in Sources */ = {isa = PBXBuildFile; fileRef = 96B283FB2808B52C00BCDE8B /* Tests_macOSLaunchTests.swift */; };
		96B283FD2808B52C00BCDE8B /* FluvioClientSwiftExampleApp.swift in Sources */ = {isa = PBXBuildFile; fileRef = 96B283D52808B52A00BCDE8B /* FluvioClientSwiftExampleApp.swift */; };
		96B283FE2808B52C00BCDE8B /* FluvioClientSwiftExampleApp.swift in Sources */ = {isa = PBXBuildFile; fileRef = 96B283D52808B52A00BCDE8B /* FluvioClientSwiftExampleApp.swift */; };
		96B283FF2808B52C00BCDE8B /* ContentView.swift in Sources */ = {isa = PBXBuildFile; fileRef = 96B283D62808B52A00BCDE8B /* ContentView.swift */; };
		96B284002808B52C00BCDE8B /* ContentView.swift in Sources */ = {isa = PBXBuildFile; fileRef = 96B283D62808B52A00BCDE8B /* ContentView.swift */; };
		96B284012808B52C00BCDE8B /* Assets.xcassets in Resources */ = {isa = PBXBuildFile; fileRef = 96B283D72808B52B00BCDE8B /* Assets.xcassets */; };
		96B284022808B52C00BCDE8B /* Assets.xcassets in Resources */ = {isa = PBXBuildFile; fileRef = 96B283D72808B52B00BCDE8B /* Assets.xcassets */; };
		96B284152808B65400BCDE8B /* FluvioClientSwift in Frameworks */ = {isa = PBXBuildFile; productRef = 96B284142808B65400BCDE8B /* FluvioClientSwift */; };
		96B284172808B75D00BCDE8B /* FluvioClientSwift in Frameworks */ = {isa = PBXBuildFile; productRef = 96B284162808B75D00BCDE8B /* FluvioClientSwift */; };
/* End PBXBuildFile section */

/* Begin PBXContainerItemProxy section */
		96B283EA2808B52B00BCDE8B /* PBXContainerItemProxy */ = {
			isa = PBXContainerItemProxy;
			containerPortal = 96B283D02808B52A00BCDE8B /* Project object */;
			proxyType = 1;
			remoteGlobalIDString = 96B283DB2808B52B00BCDE8B;
			remoteInfo = "FluvioClientSwiftExample (iOS)";
		};
		96B283F62808B52C00BCDE8B /* PBXContainerItemProxy */ = {
			isa = PBXContainerItemProxy;
			containerPortal = 96B283D02808B52A00BCDE8B /* Project object */;
			proxyType = 1;
			remoteGlobalIDString = 96B283E12808B52B00BCDE8B;
			remoteInfo = "FluvioClientSwiftExample (macOS)";
		};
/* End PBXContainerItemProxy section */

/* Begin PBXFileReference section */
		96B283D52808B52A00BCDE8B /* FluvioClientSwiftExampleApp.swift */ = {isa = PBXFileReference; lastKnownFileType = sourcecode.swift; path = FluvioClientSwiftExampleApp.swift; sourceTree = "<group>"; };
		96B283D62808B52A00BCDE8B /* ContentView.swift */ = {isa = PBXFileReference; lastKnownFileType = sourcecode.swift; path = ContentView.swift; sourceTree = "<group>"; };
		96B283D72808B52B00BCDE8B /* Assets.xcassets */ = {isa = PBXFileReference; lastKnownFileType = folder.assetcatalog; path = Assets.xcassets; sourceTree = "<group>"; };
		96B283DC2808B52B00BCDE8B /* FluvioClientSwiftExample.app */ = {isa = PBXFileReference; explicitFileType = wrapper.application; includeInIndex = 0; path = FluvioClientSwiftExample.app; sourceTree = BUILT_PRODUCTS_DIR; };
		96B283E22808B52B00BCDE8B /* FluvioClientSwiftExample.app */ = {isa = PBXFileReference; explicitFileType = wrapper.application; includeInIndex = 0; path = FluvioClientSwiftExample.app; sourceTree = BUILT_PRODUCTS_DIR; };
		96B283E42808B52B00BCDE8B /* macOS.entitlements */ = {isa = PBXFileReference; lastKnownFileType = text.plist.entitlements; path = macOS.entitlements; sourceTree = "<group>"; };
		96B283E92808B52B00BCDE8B /* Tests iOS.xctest */ = {isa = PBXFileReference; explicitFileType = wrapper.cfbundle; includeInIndex = 0; path = "Tests iOS.xctest"; sourceTree = BUILT_PRODUCTS_DIR; };
		96B283ED2808B52B00BCDE8B /* Tests_iOS.swift */ = {isa = PBXFileReference; lastKnownFileType = sourcecode.swift; path = Tests_iOS.swift; sourceTree = "<group>"; };
		96B283EF2808B52B00BCDE8B /* Tests_iOSLaunchTests.swift */ = {isa = PBXFileReference; lastKnownFileType = sourcecode.swift; path = Tests_iOSLaunchTests.swift; sourceTree = "<group>"; };
		96B283F52808B52C00BCDE8B /* Tests macOS.xctest */ = {isa = PBXFileReference; explicitFileType = wrapper.cfbundle; includeInIndex = 0; path = "Tests macOS.xctest"; sourceTree = BUILT_PRODUCTS_DIR; };
		96B283F92808B52C00BCDE8B /* Tests_macOS.swift */ = {isa = PBXFileReference; lastKnownFileType = sourcecode.swift; path = Tests_macOS.swift; sourceTree = "<group>"; };
		96B283FB2808B52C00BCDE8B /* Tests_macOSLaunchTests.swift */ = {isa = PBXFileReference; lastKnownFileType = sourcecode.swift; path = Tests_macOSLaunchTests.swift; sourceTree = "<group>"; };
		96B284122808B61800BCDE8B /* FluvioClientSwift */ = {isa = PBXFileReference; lastKnownFileType = wrapper; name = FluvioClientSwift; path = ../FluvioClientSwift; sourceTree = "<group>"; };
/* End PBXFileReference section */

/* Begin PBXFrameworksBuildPhase section */
		96B283D92808B52B00BCDE8B /* Frameworks */ = {
			isa = PBXFrameworksBuildPhase;
			buildActionMask = 2147483647;
			files = (
				96B284152808B65400BCDE8B /* FluvioClientSwift in Frameworks */,
			);
			runOnlyForDeploymentPostprocessing = 0;
		};
		96B283DF2808B52B00BCDE8B /* Frameworks */ = {
			isa = PBXFrameworksBuildPhase;
			buildActionMask = 2147483647;
			files = (
				96B284172808B75D00BCDE8B /* FluvioClientSwift in Frameworks */,
			);
			runOnlyForDeploymentPostprocessing = 0;
		};
		96B283E62808B52B00BCDE8B /* Frameworks */ = {
			isa = PBXFrameworksBuildPhase;
			buildActionMask = 2147483647;
			files = (
			);
			runOnlyForDeploymentPostprocessing = 0;
		};
		96B283F22808B52C00BCDE8B /* Frameworks */ = {
			isa = PBXFrameworksBuildPhase;
			buildActionMask = 2147483647;
			files = (
			);
			runOnlyForDeploymentPostprocessing = 0;
		};
/* End PBXFrameworksBuildPhase section */

/* Begin PBXGroup section */
		96B283CF2808B52A00BCDE8B = {
			isa = PBXGroup;
			children = (
				96B284112808B61800BCDE8B /* Packages */,
				96B283D42808B52A00BCDE8B /* Shared */,
				96B283E32808B52B00BCDE8B /* macOS */,
				96B283EC2808B52B00BCDE8B /* Tests iOS */,
				96B283F82808B52C00BCDE8B /* Tests macOS */,
				96B283DD2808B52B00BCDE8B /* Products */,
				96B284132808B65400BCDE8B /* Frameworks */,
			);
			sourceTree = "<group>";
		};
		96B283D42808B52A00BCDE8B /* Shared */ = {
			isa = PBXGroup;
			children = (
				96B283D52808B52A00BCDE8B /* FluvioClientSwiftExampleApp.swift */,
				96B283D62808B52A00BCDE8B /* ContentView.swift */,
				96B283D72808B52B00BCDE8B /* Assets.xcassets */,
			);
			path = Shared;
			sourceTree = "<group>";
		};
		96B283DD2808B52B00BCDE8B /* Products */ = {
			isa = PBXGroup;
			children = (
				96B283DC2808B52B00BCDE8B /* FluvioClientSwiftExample.app */,
				96B283E22808B52B00BCDE8B /* FluvioClientSwiftExample.app */,
				96B283E92808B52B00BCDE8B /* Tests iOS.xctest */,
				96B283F52808B52C00BCDE8B /* Tests macOS.xctest */,
			);
			name = Products;
			sourceTree = "<group>";
		};
		96B283E32808B52B00BCDE8B /* macOS */ = {
			isa = PBXGroup;
			children = (
				96B283E42808B52B00BCDE8B /* macOS.entitlements */,
			);
			path = macOS;
			sourceTree = "<group>";
		};
		96B283EC2808B52B00BCDE8B /* Tests iOS */ = {
			isa = PBXGroup;
			children = (
				96B283ED2808B52B00BCDE8B /* Tests_iOS.swift */,
				96B283EF2808B52B00BCDE8B /* Tests_iOSLaunchTests.swift */,
			);
			path = "Tests iOS";
			sourceTree = "<group>";
		};
		96B283F82808B52C00BCDE8B /* Tests macOS */ = {
			isa = PBXGroup;
			children = (
				96B283F92808B52C00BCDE8B /* Tests_macOS.swift */,
				96B283FB2808B52C00BCDE8B /* Tests_macOSLaunchTests.swift */,
			);
			path = "Tests macOS";
			sourceTree = "<group>";
		};
		96B284112808B61800BCDE8B /* Packages */ = {
			isa = PBXGroup;
			children = (
				96B284122808B61800BCDE8B /* FluvioClientSwift */,
			);
			name = Packages;
			sourceTree = "<group>";
		};
		96B284132808B65400BCDE8B /* Frameworks */ = {
			isa = PBXGroup;
			children = (
			);
			name = Frameworks;
			sourceTree = "<group>";
		};
/* End PBXGroup section */

/* Begin PBXNativeTarget section */
		96B283DB2808B52B00BCDE8B /* FluvioClientSwiftExample (iOS) */ = {
			isa = PBXNativeTarget;
			buildConfigurationList = 96B284052808B52C00BCDE8B /* Build configuration list for PBXNativeTarget "FluvioClientSwiftExample (iOS)" */;
			buildPhases = (
				96B283D82808B52B00BCDE8B /* Sources */,
				96B283D92808B52B00BCDE8B /* Frameworks */,
				96B283DA2808B52B00BCDE8B /* Resources */,
			);
			buildRules = (
			);
			dependencies = (
			);
			name = "FluvioClientSwiftExample (iOS)";
			packageProductDependencies = (
				96B284142808B65400BCDE8B /* FluvioClientSwift */,
			);
			productName = "FluvioClientSwiftExample (iOS)";
			productReference = 96B283DC2808B52B00BCDE8B /* FluvioClientSwiftExample.app */;
			productType = "com.apple.product-type.application";
		};
		96B283E12808B52B00BCDE8B /* FluvioClientSwiftExample (macOS) */ = {
			isa = PBXNativeTarget;
			buildConfigurationList = 96B284082808B52C00BCDE8B /* Build configuration list for PBXNativeTarget "FluvioClientSwiftExample (macOS)" */;
			buildPhases = (
				96B283DE2808B52B00BCDE8B /* Sources */,
				96B283DF2808B52B00BCDE8B /* Frameworks */,
				96B283E02808B52B00BCDE8B /* Resources */,
			);
			buildRules = (
			);
			dependencies = (
			);
			name = "FluvioClientSwiftExample (macOS)";
			packageProductDependencies = (
				96B284162808B75D00BCDE8B /* FluvioClientSwift */,
			);
			productName = "FluvioClientSwiftExample (macOS)";
			productReference = 96B283E22808B52B00BCDE8B /* FluvioClientSwiftExample.app */;
			productType = "com.apple.product-type.application";
		};
		96B283E82808B52B00BCDE8B /* Tests iOS */ = {
			isa = PBXNativeTarget;
			buildConfigurationList = 96B2840B2808B52C00BCDE8B /* Build configuration list for PBXNativeTarget "Tests iOS" */;
			buildPhases = (
				96B283E52808B52B00BCDE8B /* Sources */,
				96B283E62808B52B00BCDE8B /* Frameworks */,
				96B283E72808B52B00BCDE8B /* Resources */,
			);
			buildRules = (
			);
			dependencies = (
				96B283EB2808B52B00BCDE8B /* PBXTargetDependency */,
			);
			name = "Tests iOS";
			productName = "Tests iOS";
			productReference = 96B283E92808B52B00BCDE8B /* Tests iOS.xctest */;
			productType = "com.apple.product-type.bundle.ui-testing";
		};
		96B283F42808B52C00BCDE8B /* Tests macOS */ = {
			isa = PBXNativeTarget;
			buildConfigurationList = 96B2840E2808B52C00BCDE8B /* Build configuration list for PBXNativeTarget "Tests macOS" */;
			buildPhases = (
				96B283F12808B52C00BCDE8B /* Sources */,
				96B283F22808B52C00BCDE8B /* Frameworks */,
				96B283F32808B52C00BCDE8B /* Resources */,
			);
			buildRules = (
			);
			dependencies = (
				96B283F72808B52C00BCDE8B /* PBXTargetDependency */,
			);
			name = "Tests macOS";
			productName = "Tests macOS";
			productReference = 96B283F52808B52C00BCDE8B /* Tests macOS.xctest */;
			productType = "com.apple.product-type.bundle.ui-testing";
		};
/* End PBXNativeTarget section */

/* Begin PBXProject section */
		96B283D02808B52A00BCDE8B /* Project object */ = {
			isa = PBXProject;
			attributes = {
				BuildIndependentTargetsInParallel = 1;
				LastSwiftUpdateCheck = 1330;
				LastUpgradeCheck = 1330;
				TargetAttributes = {
					96B283DB2808B52B00BCDE8B = {
						CreatedOnToolsVersion = 13.3.1;
					};
					96B283E12808B52B00BCDE8B = {
						CreatedOnToolsVersion = 13.3.1;
					};
					96B283E82808B52B00BCDE8B = {
						CreatedOnToolsVersion = 13.3.1;
						TestTargetID = 96B283DB2808B52B00BCDE8B;
					};
					96B283F42808B52C00BCDE8B = {
						CreatedOnToolsVersion = 13.3.1;
						TestTargetID = 96B283E12808B52B00BCDE8B;
					};
				};
			};
			buildConfigurationList = 96B283D32808B52A00BCDE8B /* Build configuration list for PBXProject "FluvioClientSwiftExample" */;
			compatibilityVersion = "Xcode 13.0";
			developmentRegion = en;
			hasScannedForEncodings = 0;
			knownRegions = (
				en,
				Base,
			);
			mainGroup = 96B283CF2808B52A00BCDE8B;
			productRefGroup = 96B283DD2808B52B00BCDE8B /* Products */;
			projectDirPath = "";
			projectRoot = "";
			targets = (
				96B283DB2808B52B00BCDE8B /* FluvioClientSwiftExample (iOS) */,
				96B283E12808B52B00BCDE8B /* FluvioClientSwiftExample (macOS) */,
				96B283E82808B52B00BCDE8B /* Tests iOS */,
				96B283F42808B52C00BCDE8B /* Tests macOS */,
			);
		};
/* End PBXProject section */

/* Begin PBXResourcesBuildPhase section */
		96B283DA2808B52B00BCDE8B /* Resources */ = {
			isa = PBXResourcesBuildPhase;
			buildActionMask = 2147483647;
			files = (
				96B284012808B52C00BCDE8B /* Assets.xcassets in Resources */,
			);
			runOnlyForDeploymentPostprocessing = 0;
		};
		96B283E02808B52B00BCDE8B /* Resources */ = {
			isa = PBXResourcesBuildPhase;
			buildActionMask = 2147483647;
			files = (
				96B284022808B52C00BCDE8B /* Assets.xcassets in Resources */,
			);
			runOnlyForDeploymentPostprocessing = 0;
		};
		96B283E72808B52B00BCDE8B /* Resources */ = {
			isa = PBXResourcesBuildPhase;
			buildActionMask = 2147483647;
			files = (
			);
			runOnlyForDeploymentPostprocessing = 0;
		};
		96B283F32808B52C00BCDE8B /* Resources */ = {
			isa = PBXResourcesBuildPhase;
			buildActionMask = 2147483647;
			files = (
			);
			runOnlyForDeploymentPostprocessing = 0;
		};
/* End PBXResourcesBuildPhase section */

/* Begin PBXSourcesBuildPhase section */
		96B283D82808B52B00BCDE8B /* Sources */ = {
			isa = PBXSourcesBuildPhase;
			buildActionMask = 2147483647;
			files = (
				96B283FF2808B52C00BCDE8B /* ContentView.swift in Sources */,
				96B283FD2808B52C00BCDE8B /* FluvioClientSwiftExampleApp.swift in Sources */,
			);
			runOnlyForDeploymentPostprocessing = 0;
		};
		96B283DE2808B52B00BCDE8B /* Sources */ = {
			isa = PBXSourcesBuildPhase;
			buildActionMask = 2147483647;
			files = (
				96B284002808B52C00BCDE8B /* ContentView.swift in Sources */,
				96B283FE2808B52C00BCDE8B /* FluvioClientSwiftExampleApp.swift in Sources */,
			);
			runOnlyForDeploymentPostprocessing = 0;
		};
		96B283E52808B52B00BCDE8B /* Sources */ = {
			isa = PBXSourcesBuildPhase;
			buildActionMask = 2147483647;
			files = (
				96B283F02808B52B00BCDE8B /* Tests_iOSLaunchTests.swift in Sources */,
				96B283EE2808B52B00BCDE8B /* Tests_iOS.swift in Sources */,
			);
			runOnlyForDeploymentPostprocessing = 0;
		};
		96B283F12808B52C00BCDE8B /* Sources */ = {
			isa = PBXSourcesBuildPhase;
			buildActionMask = 2147483647;
			files = (
				96B283FC2808B52C00BCDE8B /* Tests_macOSLaunchTests.swift in Sources */,
				96B283FA2808B52C00BCDE8B /* Tests_macOS.swift in Sources */,
			);
			runOnlyForDeploymentPostprocessing = 0;
		};
/* End PBXSourcesBuildPhase section */

/* Begin PBXTargetDependency section */
		96B283EB2808B52B00BCDE8B /* PBXTargetDependency */ = {
			isa = PBXTargetDependency;
			target = 96B283DB2808B52B00BCDE8B /* FluvioClientSwiftExample (iOS) */;
			targetProxy = 96B283EA2808B52B00BCDE8B /* PBXContainerItemProxy */;
		};
		96B283F72808B52C00BCDE8B /* PBXTargetDependency */ = {
			isa = PBXTargetDependency;
			target = 96B283E12808B52B00BCDE8B /* FluvioClientSwiftExample (macOS) */;
			targetProxy = 96B283F62808B52C00BCDE8B /* PBXContainerItemProxy */;
		};
/* End PBXTargetDependency section */

/* Begin XCBuildConfiguration section */
		96B284032808B52C00BCDE8B /* Debug */ = {
			isa = XCBuildConfiguration;
			buildSettings = {
				ALWAYS_SEARCH_USER_PATHS = NO;
				CLANG_ANALYZER_NONNULL = YES;
				CLANG_ANALYZER_NUMBER_OBJECT_CONVERSION = YES_AGGRESSIVE;
				CLANG_CXX_LANGUAGE_STANDARD = "gnu++17";
				CLANG_ENABLE_MODULES = YES;
				CLANG_ENABLE_OBJC_ARC = YES;
				CLANG_ENABLE_OBJC_WEAK = YES;
				CLANG_WARN_BLOCK_CAPTURE_AUTORELEASING = YES;
				CLANG_WARN_BOOL_CONVERSION = YES;
				CLANG_WARN_COMMA = YES;
				CLANG_WARN_CONSTANT_CONVERSION = YES;
				CLANG_WARN_DEPRECATED_OBJC_IMPLEMENTATIONS = YES;
				CLANG_WARN_DIRECT_OBJC_ISA_USAGE = YES_ERROR;
				CLANG_WARN_DOCUMENTATION_COMMENTS = YES;
				CLANG_WARN_EMPTY_BODY = YES;
				CLANG_WARN_ENUM_CONVERSION = YES;
				CLANG_WARN_INFINITE_RECURSION = YES;
				CLANG_WARN_INT_CONVERSION = YES;
				CLANG_WARN_NON_LITERAL_NULL_CONVERSION = YES;
				CLANG_WARN_OBJC_IMPLICIT_RETAIN_SELF = YES;
				CLANG_WARN_OBJC_LITERAL_CONVERSION = YES;
				CLANG_WARN_OBJC_ROOT_CLASS = YES_ERROR;
				CLANG_WARN_QUOTED_INCLUDE_IN_FRAMEWORK_HEADER = YES;
				CLANG_WARN_RANGE_LOOP_ANALYSIS = YES;
				CLANG_WARN_STRICT_PROTOTYPES = YES;
				CLANG_WARN_SUSPICIOUS_MOVE = YES;
				CLANG_WARN_UNGUARDED_AVAILABILITY = YES_AGGRESSIVE;
				CLANG_WARN_UNREACHABLE_CODE = YES;
				CLANG_WARN__DUPLICATE_METHOD_MATCH = YES;
				COPY_PHASE_STRIP = NO;
				DEBUG_INFORMATION_FORMAT = dwarf;
				ENABLE_STRICT_OBJC_MSGSEND = YES;
				ENABLE_TESTABILITY = YES;
				GCC_C_LANGUAGE_STANDARD = gnu11;
				GCC_DYNAMIC_NO_PIC = NO;
				GCC_NO_COMMON_BLOCKS = YES;
				GCC_OPTIMIZATION_LEVEL = 0;
				GCC_PREPROCESSOR_DEFINITIONS = (
					"DEBUG=1",
					"$(inherited)",
				);
				GCC_WARN_64_TO_32_BIT_CONVERSION = YES;
				GCC_WARN_ABOUT_RETURN_TYPE = YES_ERROR;
				GCC_WARN_UNDECLARED_SELECTOR = YES;
				GCC_WARN_UNINITIALIZED_AUTOS = YES_AGGRESSIVE;
				GCC_WARN_UNUSED_FUNCTION = YES;
				GCC_WARN_UNUSED_VARIABLE = YES;
				MTL_ENABLE_DEBUG_INFO = INCLUDE_SOURCE;
				MTL_FAST_MATH = YES;
				ONLY_ACTIVE_ARCH = YES;
				SWIFT_ACTIVE_COMPILATION_CONDITIONS = DEBUG;
				SWIFT_OPTIMIZATION_LEVEL = "-Onone";
			};
			name = Debug;
		};
		96B284042808B52C00BCDE8B /* Release */ = {
			isa = XCBuildConfiguration;
			buildSettings = {
				ALWAYS_SEARCH_USER_PATHS = NO;
				CLANG_ANALYZER_NONNULL = YES;
				CLANG_ANALYZER_NUMBER_OBJECT_CONVERSION = YES_AGGRESSIVE;
				CLANG_CXX_LANGUAGE_STANDARD = "gnu++17";
				CLANG_ENABLE_MODULES = YES;
				CLANG_ENABLE_OBJC_ARC = YES;
				CLANG_ENABLE_OBJC_WEAK = YES;
				CLANG_WARN_BLOCK_CAPTURE_AUTORELEASING = YES;
				CLANG_WARN_BOOL_CONVERSION = YES;
				CLANG_WARN_COMMA = YES;
				CLANG_WARN_CONSTANT_CONVERSION = YES;
				CLANG_WARN_DEPRECATED_OBJC_IMPLEMENTATIONS = YES;
				CLANG_WARN_DIRECT_OBJC_ISA_USAGE = YES_ERROR;
				CLANG_WARN_DOCUMENTATION_COMMENTS = YES;
				CLANG_WARN_EMPTY_BODY = YES;
				CLANG_WARN_ENUM_CONVERSION = YES;
				CLANG_WARN_INFINITE_RECURSION = YES;
				CLANG_WARN_INT_CONVERSION = YES;
				CLANG_WARN_NON_LITERAL_NULL_CONVERSION = YES;
				CLANG_WARN_OBJC_IMPLICIT_RETAIN_SELF = YES;
				CLANG_WARN_OBJC_LITERAL_CONVERSION = YES;
				CLANG_WARN_OBJC_ROOT_CLASS = YES_ERROR;
				CLANG_WARN_QUOTED_INCLUDE_IN_FRAMEWORK_HEADER = YES;
				CLANG_WARN_RANGE_LOOP_ANALYSIS = YES;
				CLANG_WARN_STRICT_PROTOTYPES = YES;
				CLANG_WARN_SUSPICIOUS_MOVE = YES;
				CLANG_WARN_UNGUARDED_AVAILABILITY = YES_AGGRESSIVE;
				CLANG_WARN_UNREACHABLE_CODE = YES;
				CLANG_WARN__DUPLICATE_METHOD_MATCH = YES;
				COPY_PHASE_STRIP = NO;
				DEBUG_INFORMATION_FORMAT = "dwarf-with-dsym";
				ENABLE_NS_ASSERTIONS = NO;
				ENABLE_STRICT_OBJC_MSGSEND = YES;
				GCC_C_LANGUAGE_STANDARD = gnu11;
				GCC_NO_COMMON_BLOCKS = YES;
				GCC_WARN_64_TO_32_BIT_CONVERSION = YES;
				GCC_WARN_ABOUT_RETURN_TYPE = YES_ERROR;
				GCC_WARN_UNDECLARED_SELECTOR = YES;
				GCC_WARN_UNINITIALIZED_AUTOS = YES_AGGRESSIVE;
				GCC_WARN_UNUSED_FUNCTION = YES;
				GCC_WARN_UNUSED_VARIABLE = YES;
				MTL_ENABLE_DEBUG_INFO = NO;
				MTL_FAST_MATH = YES;
				SWIFT_COMPILATION_MODE = wholemodule;
				SWIFT_OPTIMIZATION_LEVEL = "-O";
			};
			name = Release;
		};
		96B284062808B52C00BCDE8B /* Debug */ = {
			isa = XCBuildConfiguration;
			buildSettings = {
				ASSETCATALOG_COMPILER_APPICON_NAME = AppIcon;
				ASSETCATALOG_COMPILER_GLOBAL_ACCENT_COLOR_NAME = AccentColor;
				CODE_SIGN_STYLE = Automatic;
				CURRENT_PROJECT_VERSION = 1;
				ENABLE_PREVIEWS = YES;
				GENERATE_INFOPLIST_FILE = YES;
				INFOPLIST_KEY_UIApplicationSceneManifest_Generation = YES;
				INFOPLIST_KEY_UIApplicationSupportsIndirectInputEvents = YES;
				INFOPLIST_KEY_UILaunchScreen_Generation = YES;
				INFOPLIST_KEY_UISupportedInterfaceOrientations_iPad = "UIInterfaceOrientationPortrait UIInterfaceOrientationPortraitUpsideDown UIInterfaceOrientationLandscapeLeft UIInterfaceOrientationLandscapeRight";
				INFOPLIST_KEY_UISupportedInterfaceOrientations_iPhone = "UIInterfaceOrientationPortrait UIInterfaceOrientationLandscapeLeft UIInterfaceOrientationLandscapeRight";
				IPHONEOS_DEPLOYMENT_TARGET = 15.4;
				LD_RUNPATH_SEARCH_PATHS = (
					"$(inherited)",
					"@executable_path/Frameworks",
				);
				MARKETING_VERSION = 1.0;
				PRODUCT_BUNDLE_IDENTIFIER = com.infinyon.fluvio.FluvioClientSwiftExample;
				PRODUCT_NAME = FluvioClientSwiftExample;
				SDKROOT = iphoneos;
				SWIFT_EMIT_LOC_STRINGS = YES;
				SWIFT_VERSION = 5.0;
				TARGETED_DEVICE_FAMILY = "1,2";
			};
			name = Debug;
		};
		96B284072808B52C00BCDE8B /* Release */ = {
			isa = XCBuildConfiguration;
			buildSettings = {
				ASSETCATALOG_COMPILER_APPICON_NAME = AppIcon;
				ASSETCATALOG_COMPILER_GLOBAL_ACCENT_COLOR_NAME = AccentColor;
				CODE_SIGN_STYLE = Automatic;
				CURRENT_PROJECT_VERSION = 1;
				ENABLE_PREVIEWS = YES;
				GENERATE_INFOPLIST_FILE = YES;
				INFOPLIST_KEY_UIApplicationSceneManifest_Generation = YES;
				INFOPLIST_KEY_UIApplicationSupportsIndirectInputEvents = YES;
				INFOPLIST_KEY_UILaunchScreen_Generation = YES;
				INFOPLIST_KEY_UISupportedInterfaceOrientations_iPad = "UIInterfaceOrientationPortrait UIInterfaceOrientationPortraitUpsideDown UIInterfaceOrientationLandscapeLeft UIInterfaceOrientationLandscapeRight";
				INFOPLIST_KEY_UISupportedInterfaceOrientations_iPhone = "UIInterfaceOrientationPortrait UIInterfaceOrientationLandscapeLeft UIInterfaceOrientationLandscapeRight";
				IPHONEOS_DEPLOYMENT_TARGET = 15.4;
				LD_RUNPATH_SEARCH_PATHS = (
					"$(inherited)",
					"@executable_path/Frameworks",
				);
				MARKETING_VERSION = 1.0;
				PRODUCT_BUNDLE_IDENTIFIER = com.infinyon.fluvio.FluvioClientSwiftExample;
				PRODUCT_NAME = FluvioClientSwiftExample;
				SDKROOT = iphoneos;
				SWIFT_EMIT_LOC_STRINGS = YES;
				SWIFT_VERSION = 5.0;
				TARGETED_DEVICE_FAMILY = "1,2";
				VALIDATE_PRODUCT = YES;
			};
			name = Release;
		};
		96B284092808B52C00BCDE8B /* Debug */ = {
			isa = XCBuildConfiguration;
			buildSettings = {
				ASSETCATALOG_COMPILER_APPICON_NAME = AppIcon;
				ASSETCATALOG_COMPILER_GLOBAL_ACCENT_COLOR_NAME = AccentColor;
				CODE_SIGN_ENTITLEMENTS = macOS/macOS.entitlements;
				CODE_SIGN_STYLE = Automatic;
				COMBINE_HIDPI_IMAGES = YES;
				CURRENT_PROJECT_VERSION = 1;
				ENABLE_PREVIEWS = YES;
				GENERATE_INFOPLIST_FILE = YES;
				INFOPLIST_KEY_NSHumanReadableCopyright = "";
				LD_RUNPATH_SEARCH_PATHS = (
					"$(inherited)",
					"@executable_path/../Frameworks",
				);
				MACOSX_DEPLOYMENT_TARGET = 12.3;
				MARKETING_VERSION = 1.0;
				PRODUCT_BUNDLE_IDENTIFIER = com.infinyon.fluvio.FluvioClientSwiftExample;
				PRODUCT_NAME = FluvioClientSwiftExample;
				SDKROOT = macosx;
				SWIFT_EMIT_LOC_STRINGS = YES;
				SWIFT_VERSION = 5.0;
			};
			name = Debug;
		};
		96B2840A2808B52C00BCDE8B /* Release */ = {
			isa = XCBuildConfiguration;
			buildSettings = {
				ASSETCATALOG_COMPILER_APPICON_NAME = AppIcon;
				ASSETCATALOG_COMPILER_GLOBAL_ACCENT_COLOR_NAME = AccentColor;
				CODE_SIGN_ENTITLEMENTS = macOS/macOS.entitlements;
				CODE_SIGN_STYLE = Automatic;
				COMBINE_HIDPI_IMAGES = YES;
				CURRENT_PROJECT_VERSION = 1;
				ENABLE_PREVIEWS = YES;
				GENERATE_INFOPLIST_FILE = YES;
				INFOPLIST_KEY_NSHumanReadableCopyright = "";
				LD_RUNPATH_SEARCH_PATHS = (
					"$(inherited)",
					"@executable_path/../Frameworks",
				);
				MACOSX_DEPLOYMENT_TARGET = 12.3;
				MARKETING_VERSION = 1.0;
				PRODUCT_BUNDLE_IDENTIFIER = com.infinyon.fluvio.FluvioClientSwiftExample;
				PRODUCT_NAME = FluvioClientSwiftExample;
				SDKROOT = macosx;
				SWIFT_EMIT_LOC_STRINGS = YES;
				SWIFT_VERSION = 5.0;
			};
			name = Release;
		};
		96B2840C2808B52C00BCDE8B /* Debug */ = {
			isa = XCBuildConfiguration;
			buildSettings = {
				ALWAYS_EMBED_SWIFT_STANDARD_LIBRARIES = YES;
				CODE_SIGN_STYLE = Automatic;
				CURRENT_PROJECT_VERSION = 1;
				GENERATE_INFOPLIST_FILE = YES;
				IPHONEOS_DEPLOYMENT_TARGET = 15.4;
				MARKETING_VERSION = 1.0;
				PRODUCT_BUNDLE_IDENTIFIER = "com.infinyon.fluvio.Tests-iOS";
				PRODUCT_NAME = "$(TARGET_NAME)";
				SDKROOT = iphoneos;
				SWIFT_EMIT_LOC_STRINGS = NO;
				SWIFT_VERSION = 5.0;
				TARGETED_DEVICE_FAMILY = "1,2";
				TEST_TARGET_NAME = "FluvioClientSwiftExample (iOS)";
			};
			name = Debug;
		};
		96B2840D2808B52C00BCDE8B /* Release */ = {
			isa = XCBuildConfiguration;
			buildSettings = {
				ALWAYS_EMBED_SWIFT_STANDARD_LIBRARIES = YES;
				CODE_SIGN_STYLE = Automatic;
				CURRENT_PROJECT_VERSION = 1;
				GENERATE_INFOPLIST_FILE = YES;
				IPHONEOS_DEPLOYMENT_TARGET = 15.4;
				MARKETING_VERSION = 1.0;
				PRODUCT_BUNDLE_IDENTIFIER = "com.infinyon.fluvio.Tests-iOS";
				PRODUCT_NAME = "$(TARGET_NAME)";
				SDKROOT = iphoneos;
				SWIFT_EMIT_LOC_STRINGS = NO;
				SWIFT_VERSION = 5.0;
				TARGETED_DEVICE_FAMILY = "1,2";
				TEST_TARGET_NAME = "FluvioClientSwiftExample (iOS)";
				VALIDATE_PRODUCT = YES;
			};
			name = Release;
		};
		96B2840F2808B52C00BCDE8B /* Debug */ = {
			isa = XCBuildConfiguration;
			buildSettings = {
				ALWAYS_EMBED_SWIFT_STANDARD_LIBRARIES = YES;
				CODE_SIGN_STYLE = Automatic;
				CURRENT_PROJECT_VERSION = 1;
				GENERATE_INFOPLIST_FILE = YES;
				MACOSX_DEPLOYMENT_TARGET = 12.3;
				MARKETING_VERSION = 1.0;
				PRODUCT_BUNDLE_IDENTIFIER = "com.infinyon.fluvio.Tests-macOS";
				PRODUCT_NAME = "$(TARGET_NAME)";
				SDKROOT = macosx;
				SWIFT_EMIT_LOC_STRINGS = NO;
				SWIFT_VERSION = 5.0;
				TEST_TARGET_NAME = "FluvioClientSwiftExample (macOS)";
			};
			name = Debug;
		};
		96B284102808B52C00BCDE8B /* Release */ = {
			isa = XCBuildConfiguration;
			buildSettings = {
				ALWAYS_EMBED_SWIFT_STANDARD_LIBRARIES = YES;
				CODE_SIGN_STYLE = Automatic;
				CURRENT_PROJECT_VERSION = 1;
				GENERATE_INFOPLIST_FILE = YES;
				MACOSX_DEPLOYMENT_TARGET = 12.3;
				MARKETING_VERSION = 1.0;
				PRODUCT_BUNDLE_IDENTIFIER = "com.infinyon.fluvio.Tests-macOS";
				PRODUCT_NAME = "$(TARGET_NAME)";
				SDKROOT = macosx;
				SWIFT_EMIT_LOC_STRINGS = NO;
				SWIFT_VERSION = 5.0;
				TEST_TARGET_NAME = "FluvioClientSwiftExample (macOS)";
			};
			name = Release;
		};
/* End XCBuildConfiguration section */

/* Begin XCConfigurationList section */
		96B283D32808B52A00BCDE8B /* Build configuration list for PBXProject "FluvioClientSwiftExample" */ = {
			isa = XCConfigurationList;
			buildConfigurations = (
				96B284032808B52C00BCDE8B /* Debug */,
				96B284042808B52C00BCDE8B /* Release */,
			);
			defaultConfigurationIsVisible = 0;
			defaultConfigurationName = Release;
		};
		96B284052808B52C00BCDE8B /* Build configuration list for PBXNativeTarget "FluvioClientSwiftExample (iOS)" */ = {
			isa = XCConfigurationList;
			buildConfigurations = (
				96B284062808B52C00BCDE8B /* Debug */,
				96B284072808B52C00BCDE8B /* Release */,
			);
			defaultConfigurationIsVisible = 0;
			defaultConfigurationName = Release;
		};
		96B284082808B52C00BCDE8B /* Build configuration list for PBXNativeTarget "FluvioClientSwiftExample (macOS)" */ = {
			isa = XCConfigurationList;
			buildConfigurations = (
				96B284092808B52C00BCDE8B /* Debug */,
				96B2840A2808B52C00BCDE8B /* Release */,
			);
			defaultConfigurationIsVisible = 0;
			defaultConfigurationName = Release;
		};
		96B2840B2808B52C00BCDE8B /* Build configuration list for PBXNativeTarget "Tests iOS" */ = {
			isa = XCConfigurationList;
			buildConfigurations = (
				96B2840C2808B52C00BCDE8B /* Debug */,
				96B2840D2808B52C00BCDE8B /* Release */,
			);
			defaultConfigurationIsVisible = 0;
			defaultConfigurationName = Release;
		};
		96B2840E2808B52C00BCDE8B /* Build configuration list for PBXNativeTarget "Tests macOS" */ = {
			isa = XCConfigurationList;
			buildConfigurations = (
				96B2840F2808B52C00BCDE8B /* Debug */,
				96B284102808B52C00BCDE8B /* Release */,
			);
			defaultConfigurationIsVisible = 0;
			defaultConfigurationName = Release;
		};
/* End XCConfigurationList section */

/* Begin XCSwiftPackageProductDependency section */
		96B284142808B65400BCDE8B /* FluvioClientSwift */ = {
			isa = XCSwiftPackageProductDependency;
			productName = FluvioClientSwift;
		};
		96B284162808B75D00BCDE8B /* FluvioClientSwift */ = {
			isa = XCSwiftPackageProductDependency;
			productName = FluvioClientSwift;
		};
/* End XCSwiftPackageProductDependency section */
	};
	rootObject = 96B283D02808B52A00BCDE8B /* Project object */;
}
